
Microsoft Visual Studio Solution File, Format Version 12.00
# Visual Studio 2013
VisualStudioVersion = 12.0.30501.0
MinimumVisualStudioVersion = 10.0.40219.1
Project("{FAE04EC0-301F-11D3-BF4B-00C04F79EFBC}") = "WindowsPhoneApp", "WindowsPhoneApp\WindowsPhoneApp.csproj", "{E916A636-9A80-4FC1-A1BF-BEA7395669DE}"
EndProject
Global
	GlobalSection(SolutionConfigurationPlatforms) = preSolution
		Debug|Any CPU = Debug|Any CPU
		Debug|ARM = Debug|ARM
		Debug|x86 = Debug|x86
		Release|Any CPU = Release|Any CPU
		Release|ARM = Release|ARM
		Release|x86 = Release|x86
	EndGlobalSection
	GlobalSection(ProjectConfigurationPlatforms) = postSolution
		{E916A636-9A80-4FC1-A1BF-BEA7395669DE}.Debug|Any CPU.ActiveCfg = Debug|Any CPU
		{E916A636-9A80-4FC1-A1BF-BEA7395669DE}.Debug|Any CPU.Build.0 = Debug|Any CPU
		{E916A636-9A80-4FC1-A1BF-BEA7395669DE}.Debug|Any CPU.Deploy.0 = Debug|Any CPU
		{E916A636-9A80-4FC1-A1BF-BEA7395669DE}.Debug|ARM.ActiveCfg = Debug|ARM
		{E916A636-9A80-4FC1-A1BF-BEA7395669DE}.Debug|ARM.Build.0 = Debug|ARM
		{E916A636-9A80-4FC1-A1BF-BEA7395669DE}.Debug|ARM.Deploy.0 = Debug|ARM
		{E916A636-9A80-4FC1-A1BF-BEA7395669DE}.Debug|x86.ActiveCfg = Debug|x86
		{E916A636-9A80-4FC1-A1BF-BEA7395669DE}.Debug|x86.Build.0 = Debug|x86
		{E916A636-9A80-4FC1-A1BF-BEA7395669DE}.Debug|x86.Deploy.0 = Debug|x86
		{E916A636-9A80-4FC1-A1BF-BEA7395669DE}.Release|Any CPU.ActiveCfg = Release|Any CPU
		{E916A636-9A80-4FC1-A1BF-BEA7395669DE}.Release|Any CPU.Build.0 = Release|Any CPU
		{E916A636-9A80-4FC1-A1BF-BEA7395669DE}.Release|Any CPU.Deploy.0 = Release|Any CPU
		{E916A636-9A80-4FC1-A1BF-BEA7395669DE}.Release|ARM.ActiveCfg = Release|ARM
		{E916A636-9A80-4FC1-A1BF-BEA7395669DE}.Release|ARM.Build.0 = Release|ARM
		{E916A636-9A80-4FC1-A1BF-BEA7395669DE}.Release|ARM.Deploy.0 = Release|ARM
		{E916A636-9A80-4FC1-A1BF-BEA7395669DE}.Release|x86.ActiveCfg = Release|x86
		{E916A636-9A80-4FC1-A1BF-BEA7395669DE}.Release|x86.Build.0 = Release|x86
		{E916A636-9A80-4FC1-A1BF-BEA7395669DE}.Release|x86.Deploy.0 = Release|x86
	EndGlobalSection
	GlobalSection(SolutionProperties) = preSolution
		HideSolutionNode = FALSE
	EndGlobalSection
EndGlobal
